
Microsoft Visual Studio Solution File, Format Version 12.00
# Visual Studio 14
VisualStudioVersion = 14.0.24720.0
MinimumVisualStudioVersion = 10.0.40219.1
Project("{FAE04EC0-301F-11D3-BF4B-00C04F79EFBC}") = "GridExampleApp", "GridExampleApp\GridExampleApp.csproj", "{02E68E1D-B59A-4190-A2E6-EE7B768CE12B}"
EndProject
Project("{FAE04EC0-301F-11D3-BF4B-00C04F79EFBC}") = "StackpanelExampleApp", "StackpanelExampleApp\StackpanelExampleApp.csproj", "{96FB167C-D08C-43EF-B8E2-058574794AFD}"
EndProject
Project("{FAE04EC0-301F-11D3-BF4B-00C04F79EFBC}") = "EmployeeApp", "EmployeeApp\EmployeeApp.csproj", "{483DC294-65CE-4736-B8AB-E1DAE288FA02}"
EndProject
Project("{FAE04EC0-301F-11D3-BF4B-00C04F79EFBC}") = "T1", "T1\T1.csproj", "{09C9F42D-E954-4B62-A6E1-E21D826186B8}"
EndProject
Project("{FAE04EC0-301F-11D3-BF4B-00C04F79EFBC}") = "T2", "T2\T2.csproj", "{2881C89F-B6BF-4727-8DE3-F54E4AAE25A3}"
EndProject
Global
	GlobalSection(SolutionConfigurationPlatforms) = preSolution
		Debug|ARM = Debug|ARM
		Debug|x64 = Debug|x64
		Debug|x86 = Debug|x86
		Release|ARM = Release|ARM
		Release|x64 = Release|x64
		Release|x86 = Release|x86
	EndGlobalSection
	GlobalSection(ProjectConfigurationPlatforms) = postSolution
		{02E68E1D-B59A-4190-A2E6-EE7B768CE12B}.Debug|ARM.ActiveCfg = Debug|ARM
		{02E68E1D-B59A-4190-A2E6-EE7B768CE12B}.Debug|ARM.Build.0 = Debug|ARM
		{02E68E1D-B59A-4190-A2E6-EE7B768CE12B}.Debug|ARM.Deploy.0 = Debug|ARM
		{02E68E1D-B59A-4190-A2E6-EE7B768CE12B}.Debug|x64.ActiveCfg = Debug|x64
		{02E68E1D-B59A-4190-A2E6-EE7B768CE12B}.Debug|x64.Build.0 = Debug|x64
		{02E68E1D-B59A-4190-A2E6-EE7B768CE12B}.Debug|x64.Deploy.0 = Debug|x64
		{02E68E1D-B59A-4190-A2E6-EE7B768CE12B}.Debug|x86.ActiveCfg = Debug|x86
		{02E68E1D-B59A-4190-A2E6-EE7B768CE12B}.Debug|x86.Build.0 = Debug|x86
		{02E68E1D-B59A-4190-A2E6-EE7B768CE12B}.Debug|x86.Deploy.0 = Debug|x86
		{02E68E1D-B59A-4190-A2E6-EE7B768CE12B}.Release|ARM.ActiveCfg = Release|ARM
		{02E68E1D-B59A-4190-A2E6-EE7B768CE12B}.Release|ARM.Build.0 = Release|ARM
		{02E68E1D-B59A-4190-A2E6-EE7B768CE12B}.Release|ARM.Deploy.0 = Release|ARM
		{02E68E1D-B59A-4190-A2E6-EE7B768CE12B}.Release|x64.ActiveCfg = Release|x64
		{02E68E1D-B59A-4190-A2E6-EE7B768CE12B}.Release|x64.Build.0 = Release|x64
		{02E68E1D-B59A-4190-A2E6-EE7B768CE12B}.Release|x64.Deploy.0 = Release|x64
		{02E68E1D-B59A-4190-A2E6-EE7B768CE12B}.Release|x86.ActiveCfg = Release|x86
		{02E68E1D-B59A-4190-A2E6-EE7B768CE12B}.Release|x86.Build.0 = Release|x86
		{02E68E1D-B59A-4190-A2E6-EE7B768CE12B}.Release|x86.Deploy.0 = Release|x86
		{96FB167C-D08C-43EF-B8E2-058574794AFD}.Debug|ARM.ActiveCfg = Debug|ARM
		{96FB167C-D08C-43EF-B8E2-058574794AFD}.Debug|ARM.Build.0 = Debug|ARM
		{96FB167C-D08C-43EF-B8E2-058574794AFD}.Debug|ARM.Deploy.0 = Debug|ARM
		{96FB167C-D08C-43EF-B8E2-058574794AFD}.Debug|x64.ActiveCfg = Debug|x64
		{96FB167C-D08C-43EF-B8E2-058574794AFD}.Debug|x64.Build.0 = Debug|x64
		{96FB167C-D08C-43EF-B8E2-058574794AFD}.Debug|x64.Deploy.0 = Debug|x64
		{96FB167C-D08C-43EF-B8E2-058574794AFD}.Debug|x86.ActiveCfg = Debug|x86
		{96FB167C-D08C-43EF-B8E2-058574794AFD}.Debug|x86.Build.0 = Debug|x86
		{96FB167C-D08C-43EF-B8E2-058574794AFD}.Debug|x86.Deploy.0 = Debug|x86
		{96FB167C-D08C-43EF-B8E2-058574794AFD}.Release|ARM.ActiveCfg = Release|ARM
		{96FB167C-D08C-43EF-B8E2-058574794AFD}.Release|ARM.Build.0 = Release|ARM
		{96FB167C-D08C-43EF-B8E2-058574794AFD}.Release|ARM.Deploy.0 = Release|ARM
		{96FB167C-D08C-43EF-B8E2-058574794AFD}.Release|x64.ActiveCfg = Release|x64
		{96FB167C-D08C-43EF-B8E2-058574794AFD}.Release|x64.Build.0 = Release|x64
		{96FB167C-D08C-43EF-B8E2-058574794AFD}.Release|x64.Deploy.0 = Release|x64
		{96FB167C-D08C-43EF-B8E2-058574794AFD}.Release|x86.ActiveCfg = Release|x86
		{96FB167C-D08C-43EF-B8E2-058574794AFD}.Release|x86.Build.0 = Release|x86
		{96FB167C-D08C-43EF-B8E2-058574794AFD}.Release|x86.Deploy.0 = Release|x86
		{483DC294-65CE-4736-B8AB-E1DAE288FA02}.Debug|ARM.ActiveCfg = Debug|ARM
		{483DC294-65CE-4736-B8AB-E1DAE288FA02}.Debug|ARM.Build.0 = Debug|ARM
		{483DC294-65CE-4736-B8AB-E1DAE288FA02}.Debug|ARM.Deploy.0 = Debug|ARM
		{483DC294-65CE-4736-B8AB-E1DAE288FA02}.Debug|x64.ActiveCfg = Debug|x64
		{483DC294-65CE-4736-B8AB-E1DAE288FA02}.Debug|x64.Build.0 = Debug|x64
		{483DC294-65CE-4736-B8AB-E1DAE288FA02}.Debug|x64.Deploy.0 = Debug|x64
		{483DC294-65CE-4736-B8AB-E1DAE288FA02}.Debug|x86.ActiveCfg = Debug|x86
		{483DC294-65CE-4736-B8AB-E1DAE288FA02}.Debug|x86.Build.0 = Debug|x86
		{483DC294-65CE-4736-B8AB-E1DAE288FA02}.Debug|x86.Deploy.0 = Debug|x86
		{483DC294-65CE-4736-B8AB-E1DAE288FA02}.Release|ARM.ActiveCfg = Release|ARM
		{483DC294-65CE-4736-B8AB-E1DAE288FA02}.Release|ARM.Build.0 = Release|ARM
		{483DC294-65CE-4736-B8AB-E1DAE288FA02}.Release|ARM.Deploy.0 = Release|ARM
		{483DC294-65CE-4736-B8AB-E1DAE288FA02}.Release|x64.ActiveCfg = Release|x64
		{483DC294-65CE-4736-B8AB-E1DAE288FA02}.Release|x64.Build.0 = Release|x64
		{483DC294-65CE-4736-B8AB-E1DAE288FA02}.Release|x64.Deploy.0 = Release|x64
		{483DC294-65CE-4736-B8AB-E1DAE288FA02}.Release|x86.ActiveCfg = Release|x86
		{483DC294-65CE-4736-B8AB-E1DAE288FA02}.Release|x86.Build.0 = Release|x86
		{483DC294-65CE-4736-B8AB-E1DAE288FA02}.Release|x86.Deploy.0 = Release|x86
		{09C9F42D-E954-4B62-A6E1-E21D826186B8}.Debug|ARM.ActiveCfg = Debug|ARM
		{09C9F42D-E954-4B62-A6E1-E21D826186B8}.Debug|ARM.Build.0 = Debug|ARM
		{09C9F42D-E954-4B62-A6E1-E21D826186B8}.Debug|ARM.Deploy.0 = Debug|ARM
		{09C9F42D-E954-4B62-A6E1-E21D826186B8}.Debug|x64.ActiveCfg = Debug|x64
		{09C9F42D-E954-4B62-A6E1-E21D826186B8}.Debug|x64.Build.0 = Debug|x64
		{09C9F42D-E954-4B62-A6E1-E21D826186B8}.Debug|x64.Deploy.0 = Debug|x64
		{09C9F42D-E954-4B62-A6E1-E21D826186B8}.Debug|x86.ActiveCfg = Debug|x86
		{09C9F42D-E954-4B62-A6E1-E21D826186B8}.Debug|x86.Build.0 = Debug|x86
		{09C9F42D-E954-4B62-A6E1-E21D826186B8}.Debug|x86.Deploy.0 = Debug|x86
		{09C9F42D-E954-4B62-A6E1-E21D826186B8}.Release|ARM.ActiveCfg = Release|ARM
		{09C9F42D-E954-4B62-A6E1-E21D826186B8}.Release|ARM.Build.0 = Release|ARM
		{09C9F42D-E954-4B62-A6E1-E21D826186B8}.Release|ARM.Deploy.0 = Release|ARM
		{09C9F42D-E954-4B62-A6E1-E21D826186B8}.Release|x64.ActiveCfg = Release|x64
		{09C9F42D-E954-4B62-A6E1-E21D826186B8}.Release|x64.Build.0 = Release|x64
		{09C9F42D-E954-4B62-A6E1-E21D826186B8}.Release|x64.Deploy.0 = Release|x64
		{09C9F42D-E954-4B62-A6E1-E21D826186B8}.Release|x86.ActiveCfg = Release|x86
		{09C9F42D-E954-4B62-A6E1-E21D826186B8}.Release|x86.Build.0 = Release|x86
		{09C9F42D-E954-4B62-A6E1-E21D826186B8}.Release|x86.Deploy.0 = Release|x86
		{2881C89F-B6BF-4727-8DE3-F54E4AAE25A3}.Debug|ARM.ActiveCfg = Debug|ARM
		{2881C89F-B6BF-4727-8DE3-F54E4AAE25A3}.Debug|ARM.Build.0 = Debug|ARM
		{2881C89F-B6BF-4727-8DE3-F54E4AAE25A3}.Debug|ARM.Deploy.0 = Debug|ARM
		{2881C89F-B6BF-4727-8DE3-F54E4AAE25A3}.Debug|x64.ActiveCfg = Debug|x64
		{2881C89F-B6BF-4727-8DE3-F54E4AAE25A3}.Debug|x64.Build.0 = Debug|x64
		{2881C89F-B6BF-4727-8DE3-F54E4AAE25A3}.Debug|x64.Deploy.0 = Debug|x64
		{2881C89F-B6BF-4727-8DE3-F54E4AAE25A3}.Debug|x86.ActiveCfg = Debug|x86
		{2881C89F-B6BF-4727-8DE3-F54E4AAE25A3}.Debug|x86.Build.0 = Debug|x86
		{2881C89F-B6BF-4727-8DE3-F54E4AAE25A3}.Debug|x86.Deploy.0 = Debug|x86
		{2881C89F-B6BF-4727-8DE3-F54E4AAE25A3}.Release|ARM.ActiveCfg = Release|ARM
		{2881C89F-B6BF-4727-8DE3-F54E4AAE25A3}.Release|ARM.Build.0 = Release|ARM
		{2881C89F-B6BF-4727-8DE3-F54E4AAE25A3}.Release|ARM.Deploy.0 = Release|ARM
		{2881C89F-B6BF-4727-8DE3-F54E4AAE25A3}.Release|x64.ActiveCfg = Release|x64
		{2881C89F-B6BF-4727-8DE3-F54E4AAE25A3}.Release|x64.Build.0 = Release|x64
		{2881C89F-B6BF-4727-8DE3-F54E4AAE25A3}.Release|x64.Deploy.0 = Release|x64
		{2881C89F-B6BF-4727-8DE3-F54E4AAE25A3}.Release|x86.ActiveCfg = Release|x86
		{2881C89F-B6BF-4727-8DE3-F54E4AAE25A3}.Release|x86.Build.0 = Release|x86
		{2881C89F-B6BF-4727-8DE3-F54E4AAE25A3}.Release|x86.Deploy.0 = Release|x86
	EndGlobalSection
	GlobalSection(SolutionProperties) = preSolution
		HideSolutionNode = FALSE
	EndGlobalSection
EndGlobal
